
Microsoft Visual Studio Solution File, Format Version 12.00
# Visual Studio 2012
Project("{FAE04EC0-301F-11D3-BF4B-00C04F79EFBC}") = "Tienda Virtual", "Tienda Virtual\Tienda Virtual.csproj", "{FFAF54B0-7636-47F8-A4FC-EEB450C2B78D}"
EndProject
Global
	GlobalSection(SolutionConfigurationPlatforms) = preSolution
		Debug|Any CPU = Debug|Any CPU
		Release|Any CPU = Release|Any CPU
	EndGlobalSection
	GlobalSection(ProjectConfigurationPlatforms) = postSolution
		{FFAF54B0-7636-47F8-A4FC-EEB450C2B78D}.Debug|Any CPU.ActiveCfg = Debug|Any CPU
		{FFAF54B0-7636-47F8-A4FC-EEB450C2B78D}.Debug|Any CPU.Build.0 = Debug|Any CPU
		{FFAF54B0-7636-47F8-A4FC-EEB450C2B78D}.Release|Any CPU.ActiveCfg = Release|Any CPU
		{FFAF54B0-7636-47F8-A4FC-EEB450C2B78D}.Release|Any CPU.Build.0 = Release|Any CPU
	EndGlobalSection
	GlobalSection(SolutionProperties) = preSolution
		HideSolutionNode = FALSE
	EndGlobalSection
EndGlobal
